// !$*UTF8*$!
{
	archiveVersion = 1;
	classes = {
	};
	objectVersion = 56;
	objects = {

/* Begin PBXBuildFile section */
		B12E74412ABD706D00853DC9 /* QuickCardApp.swift in Sources */ = {isa = PBXBuildFile; fileRef = B12E74402ABD706D00853DC9 /* QuickCardApp.swift */; };
		B12E74432ABD706D00853DC9 /* ContentView.swift in Sources */ = {isa = PBXBuildFile; fileRef = B12E74422ABD706D00853DC9 /* ContentView.swift */; };
		B12E74452ABD706F00853DC9 /* Assets.xcassets in Resources */ = {isa = PBXBuildFile; fileRef = B12E74442ABD706F00853DC9 /* Assets.xcassets */; };
		B12E74482ABD706F00853DC9 /* Preview Assets.xcassets in Resources */ = {isa = PBXBuildFile; fileRef = B12E74472ABD706F00853DC9 /* Preview Assets.xcassets */; };
		B12E744F2ABD83D200853DC9 /* BusinessCard.swift in Sources */ = {isa = PBXBuildFile; fileRef = B12E744E2ABD83D200853DC9 /* BusinessCard.swift */; };
		B12E74512ABD936700853DC9 /* ImageView.swift in Sources */ = {isa = PBXBuildFile; fileRef = B12E74502ABD936700853DC9 /* ImageView.swift */; };
		B12E74532ABD9B8C00853DC9 /* ChartView.swift in Sources */ = {isa = PBXBuildFile; fileRef = B12E74522ABD9B8C00853DC9 /* ChartView.swift */; };
		B1AAFA4E2AC5352C00CC4E55 /* ColorSlider.swift in Sources */ = {isa = PBXBuildFile; fileRef = B1AAFA4D2AC5352C00CC4E55 /* ColorSlider.swift */; };
		B1AAFA502AC536A100CC4E55 /* CustomColor.swift in Sources */ = {isa = PBXBuildFile; fileRef = B1AAFA4F2AC536A100CC4E55 /* CustomColor.swift */; };
		B1AAFA522AC553F300CC4E55 /* ColorPickerApp.swift in Sources */ = {isa = PBXBuildFile; fileRef = B1AAFA512AC553F300CC4E55 /* ColorPickerApp.swift */; };
		B1AAFA742AC5603B00CC4E55 /* CardDetail.swift in Sources */ = {isa = PBXBuildFile; fileRef = B1AAFA732AC5603B00CC4E55 /* CardDetail.swift */; };
		B1AAFA762AC560EB00CC4E55 /* QuickCardApplication.swift in Sources */ = {isa = PBXBuildFile; fileRef = B1AAFA752AC560EB00CC4E55 /* QuickCardApplication.swift */; };
		B1AAFA792AC5686800CC4E55 /* User.swift in Sources */ = {isa = PBXBuildFile; fileRef = B1AAFA782AC5686800CC4E55 /* User.swift */; };
		B1AAFA7B2AC569D600CC4E55 /* Stat.swift in Sources */ = {isa = PBXBuildFile; fileRef = B1AAFA7A2AC569D600CC4E55 /* Stat.swift */; };
		B1AAFA7D2AC5733900CC4E55 /* BarView.swift in Sources */ = {isa = PBXBuildFile; fileRef = B1AAFA7C2AC5733900CC4E55 /* BarView.swift */; };
		B1AAFA7F2AC58A5500CC4E55 /* ListUsers.swift in Sources */ = {isa = PBXBuildFile; fileRef = B1AAFA7E2AC58A5500CC4E55 /* ListUsers.swift */; };
/* End PBXBuildFile section */

/* Begin PBXFileReference section */
		B12E743D2ABD706D00853DC9 /* QuickCard.app */ = {isa = PBXFileReference; explicitFileType = wrapper.application; includeInIndex = 0; path = QuickCard.app; sourceTree = BUILT_PRODUCTS_DIR; };
		B12E74402ABD706D00853DC9 /* QuickCardApp.swift */ = {isa = PBXFileReference; lastKnownFileType = sourcecode.swift; path = QuickCardApp.swift; sourceTree = "<group>"; };
		B12E74422ABD706D00853DC9 /* ContentView.swift */ = {isa = PBXFileReference; lastKnownFileType = sourcecode.swift; path = ContentView.swift; sourceTree = "<group>"; };
		B12E74442ABD706F00853DC9 /* Assets.xcassets */ = {isa = PBXFileReference; lastKnownFileType = folder.assetcatalog; path = Assets.xcassets; sourceTree = "<group>"; };
		B12E74472ABD706F00853DC9 /* Preview Assets.xcassets */ = {isa = PBXFileReference; lastKnownFileType = folder.assetcatalog; path = "Preview Assets.xcassets"; sourceTree = "<group>"; };
		B12E744E2ABD83D200853DC9 /* BusinessCard.swift */ = {isa = PBXFileReference; lastKnownFileType = sourcecode.swift; path = BusinessCard.swift; sourceTree = "<group>"; };
		B12E74502ABD936700853DC9 /* ImageView.swift */ = {isa = PBXFileReference; lastKnownFileType = sourcecode.swift; path = ImageView.swift; sourceTree = "<group>"; };
		B12E74522ABD9B8C00853DC9 /* ChartView.swift */ = {isa = PBXFileReference; lastKnownFileType = sourcecode.swift; path = ChartView.swift; sourceTree = "<group>"; };
		B1AAFA4D2AC5352C00CC4E55 /* ColorSlider.swift */ = {isa = PBXFileReference; lastKnownFileType = sourcecode.swift; path = ColorSlider.swift; sourceTree = "<group>"; };
		B1AAFA4F2AC536A100CC4E55 /* CustomColor.swift */ = {isa = PBXFileReference; lastKnownFileType = sourcecode.swift; path = CustomColor.swift; sourceTree = "<group>"; };
		B1AAFA512AC553F300CC4E55 /* ColorPickerApp.swift */ = {isa = PBXFileReference; lastKnownFileType = sourcecode.swift; path = ColorPickerApp.swift; sourceTree = "<group>"; };
		B1AAFA732AC5603B00CC4E55 /* CardDetail.swift */ = {isa = PBXFileReference; lastKnownFileType = sourcecode.swift; path = CardDetail.swift; sourceTree = "<group>"; };
		B1AAFA752AC560EB00CC4E55 /* QuickCardApplication.swift */ = {isa = PBXFileReference; lastKnownFileType = sourcecode.swift; path = QuickCardApplication.swift; sourceTree = "<group>"; };
		B1AAFA782AC5686800CC4E55 /* User.swift */ = {isa = PBXFileReference; lastKnownFileType = sourcecode.swift; path = User.swift; sourceTree = "<group>"; };
		B1AAFA7A2AC569D600CC4E55 /* Stat.swift */ = {isa = PBXFileReference; lastKnownFileType = sourcecode.swift; path = Stat.swift; sourceTree = "<group>"; };
		B1AAFA7C2AC5733900CC4E55 /* BarView.swift */ = {isa = PBXFileReference; lastKnownFileType = sourcecode.swift; path = BarView.swift; sourceTree = "<group>"; };
		B1AAFA7E2AC58A5500CC4E55 /* ListUsers.swift */ = {isa = PBXFileReference; lastKnownFileType = sourcecode.swift; path = ListUsers.swift; sourceTree = "<group>"; };
/* End PBXFileReference section */

/* Begin PBXFrameworksBuildPhase section */
		B12E743A2ABD706D00853DC9 /* Frameworks */ = {
			isa = PBXFrameworksBuildPhase;
			buildActionMask = 2147483647;
			files = (
			);
			runOnlyForDeploymentPostprocessing = 0;
		};
/* End PBXFrameworksBuildPhase section */

/* Begin PBXGroup section */
		B12E74342ABD706D00853DC9 = {
			isa = PBXGroup;
			children = (
				B12E743F2ABD706D00853DC9 /* QuickCard */,
				B12E743E2ABD706D00853DC9 /* Products */,
			);
			sourceTree = "<group>";
		};
		B12E743E2ABD706D00853DC9 /* Products */ = {
			isa = PBXGroup;
			children = (
				B12E743D2ABD706D00853DC9 /* QuickCard.app */,
			);
			name = Products;
			sourceTree = "<group>";
		};
		B12E743F2ABD706D00853DC9 /* QuickCard */ = {
			isa = PBXGroup;
			children = (
				B1AAFA772AC5685700CC4E55 /* Models */,
				B1AAFA512AC553F300CC4E55 /* ColorPickerApp.swift */,
				B1AAFA732AC5603B00CC4E55 /* CardDetail.swift */,
				B1AAFA752AC560EB00CC4E55 /* QuickCardApplication.swift */,
				B12E74502ABD936700853DC9 /* ImageView.swift */,
				B12E74522ABD9B8C00853DC9 /* ChartView.swift */,
				B1AAFA4F2AC536A100CC4E55 /* CustomColor.swift */,
				B12E74402ABD706D00853DC9 /* QuickCardApp.swift */,
				B12E74422ABD706D00853DC9 /* ContentView.swift */,
				B12E744E2ABD83D200853DC9 /* BusinessCard.swift */,
				B1AAFA4D2AC5352C00CC4E55 /* ColorSlider.swift */,
				B12E74442ABD706F00853DC9 /* Assets.xcassets */,
				B12E74462ABD706F00853DC9 /* Preview Content */,
				B1AAFA7C2AC5733900CC4E55 /* BarView.swift */,
				B1AAFA7E2AC58A5500CC4E55 /* ListUsers.swift */,
			);
			path = QuickCard;
			sourceTree = "<group>";
		};
		B12E74462ABD706F00853DC9 /* Preview Content */ = {
			isa = PBXGroup;
			children = (
				B12E74472ABD706F00853DC9 /* Preview Assets.xcassets */,
			);
			path = "Preview Content";
			sourceTree = "<group>";
		};
		B1AAFA772AC5685700CC4E55 /* Models */ = {
			isa = PBXGroup;
			children = (
				B1AAFA782AC5686800CC4E55 /* User.swift */,
				B1AAFA7A2AC569D600CC4E55 /* Stat.swift */,
			);
			path = Models;
			sourceTree = "<group>";
		};
/* End PBXGroup section */

/* Begin PBXNativeTarget section */
		B12E743C2ABD706D00853DC9 /* QuickCard */ = {
			isa = PBXNativeTarget;
			buildConfigurationList = B12E744B2ABD706F00853DC9 /* Build configuration list for PBXNativeTarget "QuickCard" */;
			buildPhases = (
				B12E74392ABD706D00853DC9 /* Sources */,
				B12E743A2ABD706D00853DC9 /* Frameworks */,
				B12E743B2ABD706D00853DC9 /* Resources */,
			);
			buildRules = (
			);
			dependencies = (
			);
			name = QuickCard;
			productName = QuickCard;
			productReference = B12E743D2ABD706D00853DC9 /* QuickCard.app */;
			productType = "com.apple.product-type.application";
		};
/* End PBXNativeTarget section */

/* Begin PBXProject section */
		B12E74352ABD706D00853DC9 /* Project object */ = {
			isa = PBXProject;
			attributes = {
				BuildIndependentTargetsInParallel = 1;
				LastSwiftUpdateCheck = 1430;
				LastUpgradeCheck = 1430;
				TargetAttributes = {
					B12E743C2ABD706D00853DC9 = {
						CreatedOnToolsVersion = 14.3.1;
					};
				};
			};
			buildConfigurationList = B12E74382ABD706D00853DC9 /* Build configuration list for PBXProject "QuickCard" */;
			compatibilityVersion = "Xcode 14.0";
			developmentRegion = en;
			hasScannedForEncodings = 0;
			knownRegions = (
				en,
				Base,
			);
			mainGroup = B12E74342ABD706D00853DC9;
			productRefGroup = B12E743E2ABD706D00853DC9 /* Products */;
			projectDirPath = "";
			projectRoot = "";
			targets = (
				B12E743C2ABD706D00853DC9 /* QuickCard */,
			);
		};
/* End PBXProject section */

/* Begin PBXResourcesBuildPhase section */
		B12E743B2ABD706D00853DC9 /* Resources */ = {
			isa = PBXResourcesBuildPhase;
			buildActionMask = 2147483647;
			files = (
				B12E74482ABD706F00853DC9 /* Preview Assets.xcassets in Resources */,
				B12E74452ABD706F00853DC9 /* Assets.xcassets in Resources */,
			);
			runOnlyForDeploymentPostprocessing = 0;
		};
/* End PBXResourcesBuildPhase section */

/* Begin PBXSourcesBuildPhase section */
		B12E74392ABD706D00853DC9 /* Sources */ = {
			isa = PBXSourcesBuildPhase;
			buildActionMask = 2147483647;
			files = (
				B1AAFA7F2AC58A5500CC4E55 /* ListUsers.swift in Sources */,
				B12E74512ABD936700853DC9 /* ImageView.swift in Sources */,
				B1AAFA502AC536A100CC4E55 /* CustomColor.swift in Sources */,
				B12E744F2ABD83D200853DC9 /* BusinessCard.swift in Sources */,
				B12E74432ABD706D00853DC9 /* ContentView.swift in Sources */,
				B12E74532ABD9B8C00853DC9 /* ChartView.swift in Sources */,
				B1AAFA7D2AC5733900CC4E55 /* BarView.swift in Sources */,
				B1AAFA522AC553F300CC4E55 /* ColorPickerApp.swift in Sources */,
				B1AAFA762AC560EB00CC4E55 /* QuickCardApplication.swift in Sources */,
				B1AAFA4E2AC5352C00CC4E55 /* ColorSlider.swift in Sources */,
				B12E74412ABD706D00853DC9 /* QuickCardApp.swift in Sources */,
				B1AAFA7B2AC569D600CC4E55 /* Stat.swift in Sources */,
				B1AAFA742AC5603B00CC4E55 /* CardDetail.swift in Sources */,
				B1AAFA792AC5686800CC4E55 /* User.swift in Sources */,
			);
			runOnlyForDeploymentPostprocessing = 0;
		};
/* End PBXSourcesBuildPhase section */

/* Begin XCBuildConfiguration section */
		B12E74492ABD706F00853DC9 /* Debug */ = {
			isa = XCBuildConfiguration;
			buildSettings = {
				ALWAYS_SEARCH_USER_PATHS = NO;
				CLANG_ANALYZER_NONNULL = YES;
				CLANG_ANALYZER_NUMBER_OBJECT_CONVERSION = YES_AGGRESSIVE;
				CLANG_CXX_LANGUAGE_STANDARD = "gnu++20";
				CLANG_ENABLE_MODULES = YES;
				CLANG_ENABLE_OBJC_ARC = YES;
				CLANG_ENABLE_OBJC_WEAK = YES;
				CLANG_WARN_BLOCK_CAPTURE_AUTORELEASING = YES;
				CLANG_WARN_BOOL_CONVERSION = YES;
				CLANG_WARN_COMMA = YES;
				CLANG_WARN_CONSTANT_CONVERSION = YES;
				CLANG_WARN_DEPRECATED_OBJC_IMPLEMENTATIONS = YES;
				CLANG_WARN_DIRECT_OBJC_ISA_USAGE = YES_ERROR;
				CLANG_WARN_DOCUMENTATION_COMMENTS = YES;
				CLANG_WARN_EMPTY_BODY = YES;
				CLANG_WARN_ENUM_CONVERSION = YES;
				CLANG_WARN_INFINITE_RECURSION = YES;
				CLANG_WARN_INT_CONVERSION = YES;
				CLANG_WARN_NON_LITERAL_NULL_CONVERSION = YES;
				CLANG_WARN_OBJC_IMPLICIT_RETAIN_SELF = YES;
				CLANG_WARN_OBJC_LITERAL_CONVERSION = YES;
				CLANG_WARN_OBJC_ROOT_CLASS = YES_ERROR;
				CLANG_WARN_QUOTED_INCLUDE_IN_FRAMEWORK_HEADER = YES;
				CLANG_WARN_RANGE_LOOP_ANALYSIS = YES;
				CLANG_WARN_STRICT_PROTOTYPES = YES;
				CLANG_WARN_SUSPICIOUS_MOVE = YES;
				CLANG_WARN_UNGUARDED_AVAILABILITY = YES_AGGRESSIVE;
				CLANG_WARN_UNREACHABLE_CODE = YES;
				CLANG_WARN__DUPLICATE_METHOD_MATCH = YES;
				COPY_PHASE_STRIP = NO;
				DEBUG_INFORMATION_FORMAT = dwarf;
				ENABLE_STRICT_OBJC_MSGSEND = YES;
				ENABLE_TESTABILITY = YES;
				GCC_C_LANGUAGE_STANDARD = gnu11;
				GCC_DYNAMIC_NO_PIC = NO;
				GCC_NO_COMMON_BLOCKS = YES;
				GCC_OPTIMIZATION_LEVEL = 0;
				GCC_PREPROCESSOR_DEFINITIONS = (
					"DEBUG=1",
					"$(inherited)",
				);
				GCC_WARN_64_TO_32_BIT_CONVERSION = YES;
				GCC_WARN_ABOUT_RETURN_TYPE = YES_ERROR;
				GCC_WARN_UNDECLARED_SELECTOR = YES;
				GCC_WARN_UNINITIALIZED_AUTOS = YES_AGGRESSIVE;
				GCC_WARN_UNUSED_FUNCTION = YES;
				GCC_WARN_UNUSED_VARIABLE = YES;
				IPHONEOS_DEPLOYMENT_TARGET = 16.4;
				MTL_ENABLE_DEBUG_INFO = INCLUDE_SOURCE;
				MTL_FAST_MATH = YES;
				ONLY_ACTIVE_ARCH = YES;
				SDKROOT = iphoneos;
				SWIFT_ACTIVE_COMPILATION_CONDITIONS = DEBUG;
				SWIFT_OPTIMIZATION_LEVEL = "-Onone";
			};
			name = Debug;
		};
		B12E744A2ABD706F00853DC9 /* Release */ = {
			isa = XCBuildConfiguration;
			buildSettings = {
				ALWAYS_SEARCH_USER_PATHS = NO;
				CLANG_ANALYZER_NONNULL = YES;
				CLANG_ANALYZER_NUMBER_OBJECT_CONVERSION = YES_AGGRESSIVE;
				CLANG_CXX_LANGUAGE_STANDARD = "gnu++20";
				CLANG_ENABLE_MODULES = YES;
				CLANG_ENABLE_OBJC_ARC = YES;
				CLANG_ENABLE_OBJC_WEAK = YES;
				CLANG_WARN_BLOCK_CAPTURE_AUTORELEASING = YES;
				CLANG_WARN_BOOL_CONVERSION = YES;
				CLANG_WARN_COMMA = YES;
				CLANG_WARN_CONSTANT_CONVERSION = YES;
				CLANG_WARN_DEPRECATED_OBJC_IMPLEMENTATIONS = YES;
				CLANG_WARN_DIRECT_OBJC_ISA_USAGE = YES_ERROR;
				CLANG_WARN_DOCUMENTATION_COMMENTS = YES;
				CLANG_WARN_EMPTY_BODY = YES;
				CLANG_WARN_ENUM_CONVERSION = YES;
				CLANG_WARN_INFINITE_RECURSION = YES;
				CLANG_WARN_INT_CONVERSION = YES;
				CLANG_WARN_NON_LITERAL_NULL_CONVERSION = YES;
				CLANG_WARN_OBJC_IMPLICIT_RETAIN_SELF = YES;
				CLANG_WARN_OBJC_LITERAL_CONVERSION = YES;
				CLANG_WARN_OBJC_ROOT_CLASS = YES_ERROR;
				CLANG_WARN_QUOTED_INCLUDE_IN_FRAMEWORK_HEADER = YES;
				CLANG_WARN_RANGE_LOOP_ANALYSIS = YES;
				CLANG_WARN_STRICT_PROTOTYPES = YES;
				CLANG_WARN_SUSPICIOUS_MOVE = YES;
				CLANG_WARN_UNGUARDED_AVAILABILITY = YES_AGGRESSIVE;
				CLANG_WARN_UNREACHABLE_CODE = YES;
				CLANG_WARN__DUPLICATE_METHOD_MATCH = YES;
				COPY_PHASE_STRIP = NO;
				DEBUG_INFORMATION_FORMAT = "dwarf-with-dsym";
				ENABLE_NS_ASSERTIONS = NO;
				ENABLE_STRICT_OBJC_MSGSEND = YES;
				GCC_C_LANGUAGE_STANDARD = gnu11;
				GCC_NO_COMMON_BLOCKS = YES;
				GCC_WARN_64_TO_32_BIT_CONVERSION = YES;
				GCC_WARN_ABOUT_RETURN_TYPE = YES_ERROR;
				GCC_WARN_UNDECLARED_SELECTOR = YES;
				GCC_WARN_UNINITIALIZED_AUTOS = YES_AGGRESSIVE;
				GCC_WARN_UNUSED_FUNCTION = YES;
				GCC_WARN_UNUSED_VARIABLE = YES;
				IPHONEOS_DEPLOYMENT_TARGET = 16.4;
				MTL_ENABLE_DEBUG_INFO = NO;
				MTL_FAST_MATH = YES;
				SDKROOT = iphoneos;
				SWIFT_COMPILATION_MODE = wholemodule;
				SWIFT_OPTIMIZATION_LEVEL = "-O";
				VALIDATE_PRODUCT = YES;
			};
			name = Release;
		};
		B12E744C2ABD706F00853DC9 /* Debug */ = {
			isa = XCBuildConfiguration;
			buildSettings = {
				ASSETCATALOG_COMPILER_APPICON_NAME = AppIcon;
				ASSETCATALOG_COMPILER_GLOBAL_ACCENT_COLOR_NAME = AccentColor;
				CODE_SIGN_STYLE = Automatic;
				CURRENT_PROJECT_VERSION = 1;
				DEVELOPMENT_ASSET_PATHS = "\"QuickCard/Preview Content\"";
				DEVELOPMENT_TEAM = 5ZM3H4Z4WH;
				ENABLE_PREVIEWS = YES;
				GENERATE_INFOPLIST_FILE = YES;
				INFOPLIST_KEY_UIApplicationSceneManifest_Generation = YES;
				INFOPLIST_KEY_UIApplicationSupportsIndirectInputEvents = YES;
				INFOPLIST_KEY_UILaunchScreen_Generation = YES;
				INFOPLIST_KEY_UISupportedInterfaceOrientations_iPad = "UIInterfaceOrientationPortrait UIInterfaceOrientationPortraitUpsideDown UIInterfaceOrientationLandscapeLeft UIInterfaceOrientationLandscapeRight";
				INFOPLIST_KEY_UISupportedInterfaceOrientations_iPhone = "UIInterfaceOrientationPortrait UIInterfaceOrientationLandscapeLeft UIInterfaceOrientationLandscapeRight";
				LD_RUNPATH_SEARCH_PATHS = (
					"$(inherited)",
					"@executable_path/Frameworks",
				);
				MARKETING_VERSION = 1.0;
				PRODUCT_BUNDLE_IDENTIFIER = com.tao.QuickCard;
				PRODUCT_NAME = "$(TARGET_NAME)";
				SWIFT_EMIT_LOC_STRINGS = YES;
				SWIFT_VERSION = 5.0;
				TARGETED_DEVICE_FAMILY = "1,2";
			};
			name = Debug;
		};
		B12E744D2ABD706F00853DC9 /* Release */ = {
			isa = XCBuildConfiguration;
			buildSettings = {
				ASSETCATALOG_COMPILER_APPICON_NAME = AppIcon;
				ASSETCATALOG_COMPILER_GLOBAL_ACCENT_COLOR_NAME = AccentColor;
				CODE_SIGN_STYLE = Automatic;
				CURRENT_PROJECT_VERSION = 1;
				DEVELOPMENT_ASSET_PATHS = "\"QuickCard/Preview Content\"";
				DEVELOPMENT_TEAM = 5ZM3H4Z4WH;
				ENABLE_PREVIEWS = YES;
				GENERATE_INFOPLIST_FILE = YES;
				INFOPLIST_KEY_UIApplicationSceneManifest_Generation = YES;
				INFOPLIST_KEY_UIApplicationSupportsIndirectInputEvents = YES;
				INFOPLIST_KEY_UILaunchScreen_Generation = YES;
				INFOPLIST_KEY_UISupportedInterfaceOrientations_iPad = "UIInterfaceOrientationPortrait UIInterfaceOrientationPortraitUpsideDown UIInterfaceOrientationLandscapeLeft UIInterfaceOrientationLandscapeRight";
				INFOPLIST_KEY_UISupportedInterfaceOrientations_iPhone = "UIInterfaceOrientationPortrait UIInterfaceOrientationLandscapeLeft UIInterfaceOrientationLandscapeRight";
				LD_RUNPATH_SEARCH_PATHS = (
					"$(inherited)",
					"@executable_path/Frameworks",
				);
				MARKETING_VERSION = 1.0;
				PRODUCT_BUNDLE_IDENTIFIER = com.tao.QuickCard;
				PRODUCT_NAME = "$(TARGET_NAME)";
				SWIFT_EMIT_LOC_STRINGS = YES;
				SWIFT_VERSION = 5.0;
				TARGETED_DEVICE_FAMILY = "1,2";
			};
			name = Release;
		};
/* End XCBuildConfiguration section */

/* Begin XCConfigurationList section */
		B12E74382ABD706D00853DC9 /* Build configuration list for PBXProject "QuickCard" */ = {
			isa = XCConfigurationList;
			buildConfigurations = (
				B12E74492ABD706F00853DC9 /* Debug */,
				B12E744A2ABD706F00853DC9 /* Release */,
			);
			defaultConfigurationIsVisible = 0;
			defaultConfigurationName = Release;
		};
		B12E744B2ABD706F00853DC9 /* Build configuration list for PBXNativeTarget "QuickCard" */ = {
			isa = XCConfigurationList;
			buildConfigurations = (
				B12E744C2ABD706F00853DC9 /* Debug */,
				B12E744D2ABD706F00853DC9 /* Release */,
			);
			defaultConfigurationIsVisible = 0;
			defaultConfigurationName = Release;
		};
/* End XCConfigurationList section */
	};
	rootObject = B12E74352ABD706D00853DC9 /* Project object */;
}
